
Microsoft Visual Studio Solution File, Format Version 12.00
# Visual Studio 15
VisualStudioVersion = 15.0.28307.489
MinimumVisualStudioVersion = 10.0.40219.1
Project("{FAE04EC0-301F-11D3-BF4B-00C04F79EFBC}") = "ConsoleAppStep66", "ConsoleAppStep66\ConsoleAppStep66.csproj", "{1B967BA2-187F-46B3-9006-D7D22EDEB417}"
EndProject
Global
	GlobalSection(SolutionConfigurationPlatforms) = preSolution
		Debug|Any CPU = Debug|Any CPU
		Release|Any CPU = Release|Any CPU
	EndGlobalSection
	GlobalSection(ProjectConfigurationPlatforms) = postSolution
		{1B967BA2-187F-46B3-9006-D7D22EDEB417}.Debug|Any CPU.ActiveCfg = Debug|Any CPU
		{1B967BA2-187F-46B3-9006-D7D22EDEB417}.Debug|Any CPU.Build.0 = Debug|Any CPU
		{1B967BA2-187F-46B3-9006-D7D22EDEB417}.Release|Any CPU.ActiveCfg = Release|Any CPU
		{1B967BA2-187F-46B3-9006-D7D22EDEB417}.Release|Any CPU.Build.0 = Release|Any CPU
	EndGlobalSection
	GlobalSection(SolutionProperties) = preSolution
		HideSolutionNode = FALSE
	EndGlobalSection
	GlobalSection(ExtensibilityGlobals) = postSolution
		SolutionGuid = {DE9AE93D-C57A-42CC-BAF1-7D15FC08D38D}
	EndGlobalSection
EndGlobal
