
Microsoft Visual Studio Solution File, Format Version 12.00
# Visual Studio 15
VisualStudioVersion = 15.0.28307.489
MinimumVisualStudioVersion = 10.0.40219.1
Project("{FAE04EC0-301F-11D3-BF4B-00C04F79EFBC}") = "Strings", "Strings\Strings.csproj", "{555E1DB7-3744-4153-BF39-B123A48648D6}"
EndProject
Global
	GlobalSection(SolutionConfigurationPlatforms) = preSolution
		Debug|Any CPU = Debug|Any CPU
		Release|Any CPU = Release|Any CPU
	EndGlobalSection
	GlobalSection(ProjectConfigurationPlatforms) = postSolution
		{555E1DB7-3744-4153-BF39-B123A48648D6}.Debug|Any CPU.ActiveCfg = Debug|Any CPU
		{555E1DB7-3744-4153-BF39-B123A48648D6}.Debug|Any CPU.Build.0 = Debug|Any CPU
		{555E1DB7-3744-4153-BF39-B123A48648D6}.Release|Any CPU.ActiveCfg = Release|Any CPU
		{555E1DB7-3744-4153-BF39-B123A48648D6}.Release|Any CPU.Build.0 = Release|Any CPU
	EndGlobalSection
	GlobalSection(SolutionProperties) = preSolution
		HideSolutionNode = FALSE
	EndGlobalSection
	GlobalSection(ExtensibilityGlobals) = postSolution
		SolutionGuid = {58B8FA3B-7AF7-4BE0-A1E2-AE498453D9B1}
	EndGlobalSection
EndGlobal
